
Microsoft Visual Studio Solution File, Format Version 12.00
# Visual Studio Version 16
VisualStudioVersion = 16.0.30907.101
MinimumVisualStudioVersion = 10.0.40219.1
Project("{8BC9CEB8-8B4A-11D0-8D11-00A0C91BC942}") = "FileConversion", "FileConversion\FileConversion.vcxproj", "{DF9C1920-E83D-4BBF-AD08-B627AAF1ADCD}"
EndProject
Global
	GlobalSection(SolutionConfigurationPlatforms) = preSolution
		Debug|x64 = Debug|x64
		Debug|x86 = Debug|x86
		Release|x64 = Release|x64
		Release|x86 = Release|x86
	EndGlobalSection
	GlobalSection(ProjectConfigurationPlatforms) = postSolution
		{DF9C1920-E83D-4BBF-AD08-B627AAF1ADCD}.Debug|x64.ActiveCfg = Debug|x64
		{DF9C1920-E83D-4BBF-AD08-B627AAF1ADCD}.Debug|x64.Build.0 = Debug|x64
		{DF9C1920-E83D-4BBF-AD08-B627AAF1ADCD}.Debug|x86.ActiveCfg = Debug|Win32
		{DF9C1920-E83D-4BBF-AD08-B627AAF1ADCD}.Debug|x86.Build.0 = Debug|Win32
		{DF9C1920-E83D-4BBF-AD08-B627AAF1ADCD}.Release|x64.ActiveCfg = Release|x64
		{DF9C1920-E83D-4BBF-AD08-B627AAF1ADCD}.Release|x64.Build.0 = Release|x64
		{DF9C1920-E83D-4BBF-AD08-B627AAF1ADCD}.Release|x86.ActiveCfg = Release|Win32
		{DF9C1920-E83D-4BBF-AD08-B627AAF1ADCD}.Release|x86.Build.0 = Release|Win32
	EndGlobalSection
	GlobalSection(SolutionProperties) = preSolution
		HideSolutionNode = FALSE
	EndGlobalSection
	GlobalSection(ExtensibilityGlobals) = postSolution
		SolutionGuid = {5CE115F7-BE9E-441D-A32F-D51ACE4342D2}
	EndGlobalSection
EndGlobal
